// !$*UTF8*$!
{
	archiveVersion = 1;
	classes = {
	};
	objectVersion = 46;
	objects = {

/* Begin PBXBuildFile section */
		F710E92C1C66A23300B5294D /* AppDelegate.swift in Sources */ = {isa = PBXBuildFile; fileRef = F710E92B1C66A23300B5294D /* AppDelegate.swift */; };
		F710E9311C66A23300B5294D /* Main.storyboard in Resources */ = {isa = PBXBuildFile; fileRef = F710E92F1C66A23300B5294D /* Main.storyboard */; };
		F710E9341C66A23300B5294D /* USWNT.xcdatamodeld in Sources */ = {isa = PBXBuildFile; fileRef = F710E9321C66A23300B5294D /* USWNT.xcdatamodeld */; };
		F710E9361C66A23300B5294D /* Assets.xcassets in Resources */ = {isa = PBXBuildFile; fileRef = F710E9351C66A23300B5294D /* Assets.xcassets */; };
		F710E9391C66A23300B5294D /* LaunchScreen.storyboard in Resources */ = {isa = PBXBuildFile; fileRef = F710E9371C66A23300B5294D /* LaunchScreen.storyboard */; };
		F710E9411C66A84400B5294D /* RootTabBarController.swift in Sources */ = {isa = PBXBuildFile; fileRef = F710E9401C66A84400B5294D /* RootTabBarController.swift */; };
/* End PBXBuildFile section */

/* Begin PBXFileReference section */
		F710E9281C66A23300B5294D /* USWNT.app */ = {isa = PBXFileReference; explicitFileType = wrapper.application; includeInIndex = 0; path = USWNT.app; sourceTree = BUILT_PRODUCTS_DIR; };
		F710E92B1C66A23300B5294D /* AppDelegate.swift */ = {isa = PBXFileReference; lastKnownFileType = sourcecode.swift; path = AppDelegate.swift; sourceTree = "<group>"; };
		F710E9301C66A23300B5294D /* Base */ = {isa = PBXFileReference; lastKnownFileType = file.storyboard; name = Base; path = Base.lproj/Main.storyboard; sourceTree = "<group>"; };
		F710E9331C66A23300B5294D /* USWNT.xcdatamodel */ = {isa = PBXFileReference; lastKnownFileType = wrapper.xcdatamodel; path = USWNT.xcdatamodel; sourceTree = "<group>"; };
		F710E9351C66A23300B5294D /* Assets.xcassets */ = {isa = PBXFileReference; lastKnownFileType = folder.assetcatalog; path = Assets.xcassets; sourceTree = "<group>"; };
		F710E9381C66A23300B5294D /* Base */ = {isa = PBXFileReference; lastKnownFileType = file.storyboard; name = Base; path = Base.lproj/LaunchScreen.storyboard; sourceTree = "<group>"; };
		F710E93A1C66A23300B5294D /* Info.plist */ = {isa = PBXFileReference; lastKnownFileType = text.plist.xml; path = Info.plist; sourceTree = "<group>"; };
		F710E9401C66A84400B5294D /* RootTabBarController.swift */ = {isa = PBXFileReference; fileEncoding = 4; lastKnownFileType = sourcecode.swift; path = RootTabBarController.swift; sourceTree = "<group>"; };
/* End PBXFileReference section */

/* Begin PBXFrameworksBuildPhase section */
		F710E9251C66A23300B5294D /* Frameworks */ = {
			isa = PBXFrameworksBuildPhase;
			buildActionMask = 2147483647;
			files = (
			);
			runOnlyForDeploymentPostprocessing = 0;
		};
/* End PBXFrameworksBuildPhase section */

/* Begin PBXGroup section */
		F710E91F1C66A23300B5294D = {
			isa = PBXGroup;
			children = (
				F710E92A1C66A23300B5294D /* USWNT */,
				F710E9291C66A23300B5294D /* Products */,
			);
			sourceTree = "<group>";
		};
		F710E9291C66A23300B5294D /* Products */ = {
			isa = PBXGroup;
			children = (
				F710E9281C66A23300B5294D /* USWNT.app */,
			);
			name = Products;
			sourceTree = "<group>";
		};
		F710E92A1C66A23300B5294D /* USWNT */ = {
			isa = PBXGroup;
			children = (
				F710E9421C66A84800B5294D /* Controllers */,
				F710E92B1C66A23300B5294D /* AppDelegate.swift */,
				F710E92F1C66A23300B5294D /* Main.storyboard */,
				F710E9351C66A23300B5294D /* Assets.xcassets */,
				F710E9371C66A23300B5294D /* LaunchScreen.storyboard */,
				F710E93A1C66A23300B5294D /* Info.plist */,
				F710E9321C66A23300B5294D /* USWNT.xcdatamodeld */,
			);
			path = USWNT;
			sourceTree = "<group>";
		};
		F710E9421C66A84800B5294D /* Controllers */ = {
			isa = PBXGroup;
			children = (
				F710E9401C66A84400B5294D /* RootTabBarController.swift */,
			);
			path = Controllers;
			sourceTree = "<group>";
		};
/* End PBXGroup section */

/* Begin PBXNativeTarget section */
		F710E9271C66A23300B5294D /* USWNT */ = {
			isa = PBXNativeTarget;
			buildConfigurationList = F710E93D1C66A23300B5294D /* Build configuration list for PBXNativeTarget "USWNT" */;
			buildPhases = (
				F710E9241C66A23300B5294D /* Sources */,
				F710E9251C66A23300B5294D /* Frameworks */,
				F710E9261C66A23300B5294D /* Resources */,
			);
			buildRules = (
			);
			dependencies = (
			);
			name = USWNT;
			productName = USWNT;
			productReference = F710E9281C66A23300B5294D /* USWNT.app */;
			productType = "com.apple.product-type.application";
		};
/* End PBXNativeTarget section */

/* Begin PBXProject section */
		F710E9201C66A23300B5294D /* Project object */ = {
			isa = PBXProject;
			attributes = {
				LastSwiftUpdateCheck = 0720;
				LastUpgradeCheck = 0720;
				ORGANIZATIONNAME = "Sam Yang";
				TargetAttributes = {
					F710E9271C66A23300B5294D = {
						CreatedOnToolsVersion = 7.2.1;
						DevelopmentTeam = QC4NQ4A3Z9;
					};
				};
			};
			buildConfigurationList = F710E9231C66A23300B5294D /* Build configuration list for PBXProject "USWNT" */;
			compatibilityVersion = "Xcode 3.2";
			developmentRegion = English;
			hasScannedForEncodings = 0;
			knownRegions = (
				en,
				Base,
			);
			mainGroup = F710E91F1C66A23300B5294D;
			productRefGroup = F710E9291C66A23300B5294D /* Products */;
			projectDirPath = "";
			projectRoot = "";
			targets = (
				F710E9271C66A23300B5294D /* USWNT */,
			);
		};
/* End PBXProject section */

/* Begin PBXResourcesBuildPhase section */
		F710E9261C66A23300B5294D /* Resources */ = {
			isa = PBXResourcesBuildPhase;
			buildActionMask = 2147483647;
			files = (
				F710E9391C66A23300B5294D /* LaunchScreen.storyboard in Resources */,
				F710E9361C66A23300B5294D /* Assets.xcassets in Resources */,
				F710E9311C66A23300B5294D /* Main.storyboard in Resources */,
			);
			runOnlyForDeploymentPostprocessing = 0;
		};
/* End PBXResourcesBuildPhase section */

/* Begin PBXSourcesBuildPhase section */
		F710E9241C66A23300B5294D /* Sources */ = {
			isa = PBXSourcesBuildPhase;
			buildActionMask = 2147483647;
			files = (
				F710E9341C66A23300B5294D /* USWNT.xcdatamodeld in Sources */,
				F710E9411C66A84400B5294D /* RootTabBarController.swift in Sources */,
				F710E92C1C66A23300B5294D /* AppDelegate.swift in Sources */,
			);
			runOnlyForDeploymentPostprocessing = 0;
		};
/* End PBXSourcesBuildPhase section */

/* Begin PBXVariantGroup section */
		F710E92F1C66A23300B5294D /* Main.storyboard */ = {
			isa = PBXVariantGroup;
			children = (
				F710E9301C66A23300B5294D /* Base */,
			);
			name = Main.storyboard;
			sourceTree = "<group>";
		};
		F710E9371C66A23300B5294D /* LaunchScreen.storyboard */ = {
			isa = PBXVariantGroup;
			children = (
				F710E9381C66A23300B5294D /* Base */,
			);
			name = LaunchScreen.storyboard;
			sourceTree = "<group>";
		};
/* End PBXVariantGroup section */

/* Begin XCBuildConfiguration section */
		F710E93B1C66A23300B5294D /* Debug */ = {
			isa = XCBuildConfiguration;
			buildSettings = {
				ALWAYS_SEARCH_USER_PATHS = NO;
				CLANG_CXX_LANGUAGE_STANDARD = "gnu++0x";
				CLANG_CXX_LIBRARY = "libc++";
				CLANG_ENABLE_MODULES = YES;
				CLANG_ENABLE_OBJC_ARC = YES;
				CLANG_WARN_BOOL_CONVERSION = YES;
				CLANG_WARN_CONSTANT_CONVERSION = YES;
				CLANG_WARN_DIRECT_OBJC_ISA_USAGE = YES_ERROR;
				CLANG_WARN_EMPTY_BODY = YES;
				CLANG_WARN_ENUM_CONVERSION = YES;
				CLANG_WARN_INT_CONVERSION = YES;
				CLANG_WARN_OBJC_ROOT_CLASS = YES_ERROR;
				CLANG_WARN_UNREACHABLE_CODE = YES;
				CLANG_WARN__DUPLICATE_METHOD_MATCH = YES;
				"CODE_SIGN_IDENTITY[sdk=iphoneos*]" = "iPhone Developer";
				COPY_PHASE_STRIP = NO;
				DEBUG_INFORMATION_FORMAT = dwarf;
				ENABLE_STRICT_OBJC_MSGSEND = YES;
				ENABLE_TESTABILITY = YES;
				GCC_C_LANGUAGE_STANDARD = gnu99;
				GCC_DYNAMIC_NO_PIC = NO;
				GCC_NO_COMMON_BLOCKS = YES;
				GCC_OPTIMIZATION_LEVEL = 0;
				GCC_PREPROCESSOR_DEFINITIONS = (
					"DEBUG=1",
					"$(inherited)",
				);
				GCC_WARN_64_TO_32_BIT_CONVERSION = YES;
				GCC_WARN_ABOUT_RETURN_TYPE = YES_ERROR;
				GCC_WARN_UNDECLARED_SELECTOR = YES;
				GCC_WARN_UNINITIALIZED_AUTOS = YES_AGGRESSIVE;
				GCC_WARN_UNUSED_FUNCTION = YES;
				GCC_WARN_UNUSED_VARIABLE = YES;
				IPHONEOS_DEPLOYMENT_TARGET = 9.2;
				MTL_ENABLE_DEBUG_INFO = YES;
				ONLY_ACTIVE_ARCH = YES;
				SDKROOT = iphoneos;
				SWIFT_OPTIMIZATION_LEVEL = "-Onone";
				TARGETED_DEVICE_FAMILY = "1,2";
			};
			name = Debug;
		};
		F710E93C1C66A23300B5294D /* Release */ = {
			isa = XCBuildConfiguration;
			buildSettings = {
				ALWAYS_SEARCH_USER_PATHS = NO;
				CLANG_CXX_LANGUAGE_STANDARD = "gnu++0x";
				CLANG_CXX_LIBRARY = "libc++";
				CLANG_ENABLE_MODULES = YES;
				CLANG_ENABLE_OBJC_ARC = YES;
				CLANG_WARN_BOOL_CONVERSION = YES;
				CLANG_WARN_CONSTANT_CONVERSION = YES;
				CLANG_WARN_DIRECT_OBJC_ISA_USAGE = YES_ERROR;
				CLANG_WARN_EMPTY_BODY = YES;
				CLANG_WARN_ENUM_CONVERSION = YES;
				CLANG_WARN_INT_CONVERSION = YES;
				CLANG_WARN_OBJC_ROOT_CLASS = YES_ERROR;
				CLANG_WARN_UNREACHABLE_CODE = YES;
				CLANG_WARN__DUPLICATE_METHOD_MATCH = YES;
				"CODE_SIGN_IDENTITY[sdk=iphoneos*]" = "iPhone Developer";
				COPY_PHASE_STRIP = NO;
				DEBUG_INFORMATION_FORMAT = "dwarf-with-dsym";
				ENABLE_NS_ASSERTIONS = NO;
				ENABLE_STRICT_OBJC_MSGSEND = YES;
				GCC_C_LANGUAGE_STANDARD = gnu99;
				GCC_NO_COMMON_BLOCKS = YES;
				GCC_WARN_64_TO_32_BIT_CONVERSION = YES;
				GCC_WARN_ABOUT_RETURN_TYPE = YES_ERROR;
				GCC_WARN_UNDECLARED_SELECTOR = YES;
				GCC_WARN_UNINITIALIZED_AUTOS = YES_AGGRESSIVE;
				GCC_WARN_UNUSED_FUNCTION = YES;
				GCC_WARN_UNUSED_VARIABLE = YES;
				IPHONEOS_DEPLOYMENT_TARGET = 9.2;
				MTL_ENABLE_DEBUG_INFO = NO;
				SDKROOT = iphoneos;
				TARGETED_DEVICE_FAMILY = "1,2";
				VALIDATE_PRODUCT = YES;
			};
			name = Release;
		};
		F710E93E1C66A23300B5294D /* Debug */ = {
			isa = XCBuildConfiguration;
			buildSettings = {
				ASSETCATALOG_COMPILER_APPICON_NAME = AppIcon;
				CODE_SIGN_IDENTITY = "iPhone Developer";
				INFOPLIST_FILE = USWNT/Info.plist;
				LD_RUNPATH_SEARCH_PATHS = "$(inherited) @executable_path/Frameworks";
				PRODUCT_BUNDLE_IDENTIFIER = samsyang.ios.USWNT;
				PRODUCT_NAME = "$(TARGET_NAME)";
			};
			name = Debug;
		};
		F710E93F1C66A23300B5294D /* Release */ = {
			isa = XCBuildConfiguration;
			buildSettings = {
				ASSETCATALOG_COMPILER_APPICON_NAME = AppIcon;
				CODE_SIGN_IDENTITY = "iPhone Developer";
				INFOPLIST_FILE = USWNT/Info.plist;
				LD_RUNPATH_SEARCH_PATHS = "$(inherited) @executable_path/Frameworks";
				PRODUCT_BUNDLE_IDENTIFIER = samsyang.ios.USWNT;
				PRODUCT_NAME = "$(TARGET_NAME)";
			};
			name = Release;
		};
/* End XCBuildConfiguration section */

/* Begin XCConfigurationList section */
		F710E9231C66A23300B5294D /* Build configuration list for PBXProject "USWNT" */ = {
			isa = XCConfigurationList;
			buildConfigurations = (
				F710E93B1C66A23300B5294D /* Debug */,
				F710E93C1C66A23300B5294D /* Release */,
			);
			defaultConfigurationIsVisible = 0;
			defaultConfigurationName = Release;
		};
		F710E93D1C66A23300B5294D /* Build configuration list for PBXNativeTarget "USWNT" */ = {
			isa = XCConfigurationList;
			buildConfigurations = (
				F710E93E1C66A23300B5294D /* Debug */,
				F710E93F1C66A23300B5294D /* Release */,
			);
			defaultConfigurationIsVisible = 0;
			defaultConfigurationName = Release;
		};
/* End XCConfigurationList section */

/* Begin XCVersionGroup section */
		F710E9321C66A23300B5294D /* USWNT.xcdatamodeld */ = {
			isa = XCVersionGroup;
			children = (
				F710E9331C66A23300B5294D /* USWNT.xcdatamodel */,
			);
			currentVersion = F710E9331C66A23300B5294D /* USWNT.xcdatamodel */;
			path = USWNT.xcdatamodeld;
			sourceTree = "<group>";
			versionGroupType = wrapper.xcdatamodel;
		};
/* End XCVersionGroup section */
	};
	rootObject = F710E9201C66A23300B5294D /* Project object */;
}
